
Microsoft Visual Studio Solution File, Format Version 12.00
# Visual Studio Version 17
VisualStudioVersion = 17.4.33103.184
MinimumVisualStudioVersion = 10.0.40219.1
Project("{9A19103F-16F7-4668-BE54-9A1E7A4F7556}") = "CMS1.Web", "CMS1.Web.csproj", "{04CACD24-EDA8-469E-A487-DC2B827BCAAF}"
EndProject
Project("{9A19103F-16F7-4668-BE54-9A1E7A4F7556}") = "CMS.Api", "..\..\..\..\Public\CMS.Api\CMS.Api.csproj", "{7C809925-7AA8-43A6-84F4-C8406A0E1C36}"
EndProject
Global
	GlobalSection(SolutionConfigurationPlatforms) = preSolution
		Debug|Any CPU = Debug|Any CPU
		Release|Any CPU = Release|Any CPU
	EndGlobalSection
	GlobalSection(ProjectConfigurationPlatforms) = postSolution
		{04CACD24-EDA8-469E-A487-DC2B827BCAAF}.Debug|Any CPU.ActiveCfg = Debug|Any CPU
		{04CACD24-EDA8-469E-A487-DC2B827BCAAF}.Debug|Any CPU.Build.0 = Debug|Any CPU
		{04CACD24-EDA8-469E-A487-DC2B827BCAAF}.Release|Any CPU.ActiveCfg = Release|Any CPU
		{04CACD24-EDA8-469E-A487-DC2B827BCAAF}.Release|Any CPU.Build.0 = Release|Any CPU
		{7C809925-7AA8-43A6-84F4-C8406A0E1C36}.Debug|Any CPU.ActiveCfg = Debug|Any CPU
		{7C809925-7AA8-43A6-84F4-C8406A0E1C36}.Debug|Any CPU.Build.0 = Debug|Any CPU
		{7C809925-7AA8-43A6-84F4-C8406A0E1C36}.Release|Any CPU.ActiveCfg = Release|Any CPU
		{7C809925-7AA8-43A6-84F4-C8406A0E1C36}.Release|Any CPU.Build.0 = Release|Any CPU
	EndGlobalSection
	GlobalSection(SolutionProperties) = preSolution
		HideSolutionNode = FALSE
	EndGlobalSection
	GlobalSection(ExtensibilityGlobals) = postSolution
		SolutionGuid = {25B3A8CD-0B3D-4A19-8B21-07C533B5C274}
	EndGlobalSection
EndGlobal
